
Microsoft Visual Studio Solution File, Format Version 12.00
# Visual Studio Version 16
VisualStudioVersion = 16.0.30503.244
MinimumVisualStudioVersion = 10.0.40219.1
Project("{FAE04EC0-301F-11D3-BF4B-00C04F79EFBC}") = "Kurs", "Kurs\Kurs.csproj", "{439715AA-7CCE-4B45-B789-56F4B4933F32}"
EndProject
Global
	GlobalSection(SolutionConfigurationPlatforms) = preSolution
		Debug|Any CPU = Debug|Any CPU
		Release|Any CPU = Release|Any CPU
	EndGlobalSection
	GlobalSection(ProjectConfigurationPlatforms) = postSolution
		{439715AA-7CCE-4B45-B789-56F4B4933F32}.Debug|Any CPU.ActiveCfg = Debug|Any CPU
		{439715AA-7CCE-4B45-B789-56F4B4933F32}.Debug|Any CPU.Build.0 = Debug|Any CPU
		{439715AA-7CCE-4B45-B789-56F4B4933F32}.Release|Any CPU.ActiveCfg = Release|Any CPU
		{439715AA-7CCE-4B45-B789-56F4B4933F32}.Release|Any CPU.Build.0 = Release|Any CPU
	EndGlobalSection
	GlobalSection(SolutionProperties) = preSolution
		HideSolutionNode = FALSE
	EndGlobalSection
	GlobalSection(ExtensibilityGlobals) = postSolution
		SolutionGuid = {39A62F77-28E5-422B-880D-77FF5B25A1DE}
	EndGlobalSection
EndGlobal
